
Microsoft Visual Studio Solution File, Format Version 12.00
# Visual Studio Version 17
VisualStudioVersion = 17.2.32630.192
MinimumVisualStudioVersion = 10.0.40219.1
Project("{8BC9CEB8-8B4A-11D0-8D11-00A0C91BC942}") = "date1_less_than_date2_13", "date1_less_than_date2_13.vcxproj", "{16C5384C-0400-4B47-8DCA-76868F98F06C}"
EndProject
Global
	GlobalSection(SolutionConfigurationPlatforms) = preSolution
		Debug|x64 = Debug|x64
		Debug|x86 = Debug|x86
		Release|x64 = Release|x64
		Release|x86 = Release|x86
	EndGlobalSection
	GlobalSection(ProjectConfigurationPlatforms) = postSolution
		{16C5384C-0400-4B47-8DCA-76868F98F06C}.Debug|x64.ActiveCfg = Debug|x64
		{16C5384C-0400-4B47-8DCA-76868F98F06C}.Debug|x64.Build.0 = Debug|x64
		{16C5384C-0400-4B47-8DCA-76868F98F06C}.Debug|x86.ActiveCfg = Debug|Win32
		{16C5384C-0400-4B47-8DCA-76868F98F06C}.Debug|x86.Build.0 = Debug|Win32
		{16C5384C-0400-4B47-8DCA-76868F98F06C}.Release|x64.ActiveCfg = Release|x64
		{16C5384C-0400-4B47-8DCA-76868F98F06C}.Release|x64.Build.0 = Release|x64
		{16C5384C-0400-4B47-8DCA-76868F98F06C}.Release|x86.ActiveCfg = Release|Win32
		{16C5384C-0400-4B47-8DCA-76868F98F06C}.Release|x86.Build.0 = Release|Win32
	EndGlobalSection
	GlobalSection(SolutionProperties) = preSolution
		HideSolutionNode = FALSE
	EndGlobalSection
	GlobalSection(ExtensibilityGlobals) = postSolution
		SolutionGuid = {1B3E265F-1A72-4001-A80C-7BD638CE4B75}
	EndGlobalSection
EndGlobal
