
Microsoft Visual Studio Solution File, Format Version 12.00
# Visual Studio Version 17
VisualStudioVersion = 17.2.32630.192
MinimumVisualStudioVersion = 10.0.40219.1
Project("{8BC9CEB8-8B4A-11D0-8D11-00A0C91BC942}") = "date_from_day_order_in_a_year_11", "date_from_day_order_in_a_year_11.vcxproj", "{EC70CB4D-E0E2-469F-885C-33D6C1087C28}"
EndProject
Global
	GlobalSection(SolutionConfigurationPlatforms) = preSolution
		Debug|x64 = Debug|x64
		Debug|x86 = Debug|x86
		Release|x64 = Release|x64
		Release|x86 = Release|x86
	EndGlobalSection
	GlobalSection(ProjectConfigurationPlatforms) = postSolution
		{EC70CB4D-E0E2-469F-885C-33D6C1087C28}.Debug|x64.ActiveCfg = Debug|x64
		{EC70CB4D-E0E2-469F-885C-33D6C1087C28}.Debug|x64.Build.0 = Debug|x64
		{EC70CB4D-E0E2-469F-885C-33D6C1087C28}.Debug|x86.ActiveCfg = Debug|Win32
		{EC70CB4D-E0E2-469F-885C-33D6C1087C28}.Debug|x86.Build.0 = Debug|Win32
		{EC70CB4D-E0E2-469F-885C-33D6C1087C28}.Release|x64.ActiveCfg = Release|x64
		{EC70CB4D-E0E2-469F-885C-33D6C1087C28}.Release|x64.Build.0 = Release|x64
		{EC70CB4D-E0E2-469F-885C-33D6C1087C28}.Release|x86.ActiveCfg = Release|Win32
		{EC70CB4D-E0E2-469F-885C-33D6C1087C28}.Release|x86.Build.0 = Release|Win32
	EndGlobalSection
	GlobalSection(SolutionProperties) = preSolution
		HideSolutionNode = FALSE
	EndGlobalSection
	GlobalSection(ExtensibilityGlobals) = postSolution
		SolutionGuid = {04357570-6340-4FB3-83F2-2F3B52C0D15A}
	EndGlobalSection
EndGlobal
